// !$*UTF8*$!
{
	archiveVersion = 1;
	classes = {
	};
	objectVersion = 46;
	objects = {

/* Begin PBXBuildFile section */
		342F693019527012006EAC2E /* TestViewController.m in Sources */ = {isa = PBXBuildFile; fileRef = 342F692E19527012006EAC2E /* TestViewController.m */; };
		342F693119527012006EAC2E /* TestViewController.xib in Resources */ = {isa = PBXBuildFile; fileRef = 342F692F19527012006EAC2E /* TestViewController.xib */; };
		3468EA15195051D900149B4E /* Foundation.framework in Frameworks */ = {isa = PBXBuildFile; fileRef = 3468EA14195051D900149B4E /* Foundation.framework */; };
		3468EA17195051D900149B4E /* CoreGraphics.framework in Frameworks */ = {isa = PBXBuildFile; fileRef = 3468EA16195051D900149B4E /* CoreGraphics.framework */; };
		3468EA19195051D900149B4E /* UIKit.framework in Frameworks */ = {isa = PBXBuildFile; fileRef = 3468EA18195051D900149B4E /* UIKit.framework */; };
		3468EA1F195051D900149B4E /* InfoPlist.strings in Resources */ = {isa = PBXBuildFile; fileRef = 3468EA1D195051D900149B4E /* InfoPlist.strings */; };
		3468EA21195051D900149B4E /* main.m in Sources */ = {isa = PBXBuildFile; fileRef = 3468EA20195051D900149B4E /* main.m */; };
		3468EA25195051D900149B4E /* CoAppDelegate.m in Sources */ = {isa = PBXBuildFile; fileRef = 3468EA24195051D900149B4E /* CoAppDelegate.m */; };
		3468EA27195051D900149B4E /* Images.xcassets in Resources */ = {isa = PBXBuildFile; fileRef = 3468EA26195051D900149B4E /* Images.xcassets */; };
		3468EA2E195051DA00149B4E /* XCTest.framework in Frameworks */ = {isa = PBXBuildFile; fileRef = 3468EA2D195051DA00149B4E /* XCTest.framework */; };
		3468EA2F195051DA00149B4E /* Foundation.framework in Frameworks */ = {isa = PBXBuildFile; fileRef = 3468EA14195051D900149B4E /* Foundation.framework */; };
		3468EA30195051DA00149B4E /* UIKit.framework in Frameworks */ = {isa = PBXBuildFile; fileRef = 3468EA18195051D900149B4E /* UIKit.framework */; };
		3468EA38195051DA00149B4E /* InfoPlist.strings in Resources */ = {isa = PBXBuildFile; fileRef = 3468EA36195051DA00149B4E /* InfoPlist.strings */; };
		3468EA3A195051DA00149B4E /* cochatTests.m in Sources */ = {isa = PBXBuildFile; fileRef = 3468EA39195051DA00149B4E /* cochatTests.m */; };
		3468EA481950534600149B4E /* CoNavigationController.m in Sources */ = {isa = PBXBuildFile; fileRef = 3468EA471950534600149B4E /* CoNavigationController.m */; };
		3468EA4B1950537300149B4E /* CoTabBarController.m in Sources */ = {isa = PBXBuildFile; fileRef = 3468EA4A1950537300149B4E /* CoTabBarController.m */; };
		3468EA4E1950538C00149B4E /* BaseViewController.m in Sources */ = {isa = PBXBuildFile; fileRef = 3468EA4D1950538C00149B4E /* BaseViewController.m */; };
		3468EA52195053D300149B4E /* CoChatViewController.m in Sources */ = {isa = PBXBuildFile; fileRef = 3468EA50195053D300149B4E /* CoChatViewController.m */; };
		3468EA53195053D300149B4E /* CoChatViewController.xib in Resources */ = {isa = PBXBuildFile; fileRef = 3468EA51195053D300149B4E /* CoChatViewController.xib */; };
		3468EA57195053FF00149B4E /* CoContactsViewController.m in Sources */ = {isa = PBXBuildFile; fileRef = 3468EA55195053FF00149B4E /* CoContactsViewController.m */; };
		3468EA58195053FF00149B4E /* CoContactsViewController.xib in Resources */ = {isa = PBXBuildFile; fileRef = 3468EA56195053FF00149B4E /* CoContactsViewController.xib */; };
		3468EA5C195054BA00149B4E /* CoDiscoverViewController.m in Sources */ = {isa = PBXBuildFile; fileRef = 3468EA5A195054BA00149B4E /* CoDiscoverViewController.m */; };
		3468EA5D195054BA00149B4E /* CoDiscoverViewController.xib in Resources */ = {isa = PBXBuildFile; fileRef = 3468EA5B195054BA00149B4E /* CoDiscoverViewController.xib */; };
		3468EA61195054CC00149B4E /* CoMeViewController.m in Sources */ = {isa = PBXBuildFile; fileRef = 3468EA5F195054CC00149B4E /* CoMeViewController.m */; };
		3468EA62195054CC00149B4E /* CoMeViewController.xib in Resources */ = {isa = PBXBuildFile; fileRef = 3468EA60195054CC00149B4E /* CoMeViewController.xib */; };
		34A37AC319507C56003D9670 /* MKNumberBadgeView.m in Sources */ = {isa = PBXBuildFile; fileRef = 34A37AC219507C56003D9670 /* MKNumberBadgeView.m */; settings = {COMPILER_FLAGS = "-fno-objc-arc"; }; };
/* End PBXBuildFile section */

/* Begin PBXContainerItemProxy section */
		3468EA31195051DA00149B4E /* PBXContainerItemProxy */ = {
			isa = PBXContainerItemProxy;
			containerPortal = 3468EA09195051D900149B4E /* Project object */;
			proxyType = 1;
			remoteGlobalIDString = 3468EA10195051D900149B4E;
			remoteInfo = cochat;
		};
/* End PBXContainerItemProxy section */

/* Begin PBXFileReference section */
		342F692D19527012006EAC2E /* TestViewController.h */ = {isa = PBXFileReference; fileEncoding = 4; lastKnownFileType = sourcecode.c.h; path = TestViewController.h; sourceTree = "<group>"; };
		342F692E19527012006EAC2E /* TestViewController.m */ = {isa = PBXFileReference; fileEncoding = 4; lastKnownFileType = sourcecode.c.objc; path = TestViewController.m; sourceTree = "<group>"; };
		342F692F19527012006EAC2E /* TestViewController.xib */ = {isa = PBXFileReference; fileEncoding = 4; lastKnownFileType = file.xib; path = TestViewController.xib; sourceTree = "<group>"; };
		3468EA11195051D900149B4E /* cochat.app */ = {isa = PBXFileReference; explicitFileType = wrapper.application; includeInIndex = 0; path = cochat.app; sourceTree = BUILT_PRODUCTS_DIR; };
		3468EA14195051D900149B4E /* Foundation.framework */ = {isa = PBXFileReference; lastKnownFileType = wrapper.framework; name = Foundation.framework; path = System/Library/Frameworks/Foundation.framework; sourceTree = SDKROOT; };
		3468EA16195051D900149B4E /* CoreGraphics.framework */ = {isa = PBXFileReference; lastKnownFileType = wrapper.framework; name = CoreGraphics.framework; path = System/Library/Frameworks/CoreGraphics.framework; sourceTree = SDKROOT; };
		3468EA18195051D900149B4E /* UIKit.framework */ = {isa = PBXFileReference; lastKnownFileType = wrapper.framework; name = UIKit.framework; path = System/Library/Frameworks/UIKit.framework; sourceTree = SDKROOT; };
		3468EA1C195051D900149B4E /* cochat-Info.plist */ = {isa = PBXFileReference; lastKnownFileType = text.plist.xml; path = "cochat-Info.plist"; sourceTree = "<group>"; };
		3468EA1E195051D900149B4E /* en */ = {isa = PBXFileReference; lastKnownFileType = text.plist.strings; name = en; path = en.lproj/InfoPlist.strings; sourceTree = "<group>"; };
		3468EA20195051D900149B4E /* main.m */ = {isa = PBXFileReference; lastKnownFileType = sourcecode.c.objc; path = main.m; sourceTree = "<group>"; };
		3468EA22195051D900149B4E /* cochat-Prefix.pch */ = {isa = PBXFileReference; lastKnownFileType = sourcecode.c.h; path = "cochat-Prefix.pch"; sourceTree = "<group>"; };
		3468EA23195051D900149B4E /* CoAppDelegate.h */ = {isa = PBXFileReference; lastKnownFileType = sourcecode.c.h; path = CoAppDelegate.h; sourceTree = "<group>"; };
		3468EA24195051D900149B4E /* CoAppDelegate.m */ = {isa = PBXFileReference; lastKnownFileType = sourcecode.c.objc; path = CoAppDelegate.m; sourceTree = "<group>"; };
		3468EA26195051D900149B4E /* Images.xcassets */ = {isa = PBXFileReference; lastKnownFileType = folder.assetcatalog; path = Images.xcassets; sourceTree = "<group>"; };
		3468EA2C195051DA00149B4E /* cochatTests.xctest */ = {isa = PBXFileReference; explicitFileType = wrapper.cfbundle; includeInIndex = 0; path = cochatTests.xctest; sourceTree = BUILT_PRODUCTS_DIR; };
		3468EA2D195051DA00149B4E /* XCTest.framework */ = {isa = PBXFileReference; lastKnownFileType = wrapper.framework; name = XCTest.framework; path = Library/Frameworks/XCTest.framework; sourceTree = DEVELOPER_DIR; };
		3468EA35195051DA00149B4E /* cochatTests-Info.plist */ = {isa = PBXFileReference; lastKnownFileType = text.plist.xml; path = "cochatTests-Info.plist"; sourceTree = "<group>"; };
		3468EA37195051DA00149B4E /* en */ = {isa = PBXFileReference; lastKnownFileType = text.plist.strings; name = en; path = en.lproj/InfoPlist.strings; sourceTree = "<group>"; };
		3468EA39195051DA00149B4E /* cochatTests.m */ = {isa = PBXFileReference; lastKnownFileType = sourcecode.c.objc; path = cochatTests.m; sourceTree = "<group>"; };
		3468EA461950534600149B4E /* CoNavigationController.h */ = {isa = PBXFileReference; fileEncoding = 4; lastKnownFileType = sourcecode.c.h; path = CoNavigationController.h; sourceTree = "<group>"; };
		3468EA471950534600149B4E /* CoNavigationController.m */ = {isa = PBXFileReference; fileEncoding = 4; lastKnownFileType = sourcecode.c.objc; path = CoNavigationController.m; sourceTree = "<group>"; };
		3468EA491950537300149B4E /* CoTabBarController.h */ = {isa = PBXFileReference; fileEncoding = 4; lastKnownFileType = sourcecode.c.h; path = CoTabBarController.h; sourceTree = "<group>"; };
		3468EA4A1950537300149B4E /* CoTabBarController.m */ = {isa = PBXFileReference; fileEncoding = 4; lastKnownFileType = sourcecode.c.objc; path = CoTabBarController.m; sourceTree = "<group>"; };
		3468EA4C1950538C00149B4E /* BaseViewController.h */ = {isa = PBXFileReference; fileEncoding = 4; lastKnownFileType = sourcecode.c.h; path = BaseViewController.h; sourceTree = "<group>"; };
		3468EA4D1950538C00149B4E /* BaseViewController.m */ = {isa = PBXFileReference; fileEncoding = 4; lastKnownFileType = sourcecode.c.objc; path = BaseViewController.m; sourceTree = "<group>"; };
		3468EA4F195053D300149B4E /* CoChatViewController.h */ = {isa = PBXFileReference; fileEncoding = 4; lastKnownFileType = sourcecode.c.h; path = CoChatViewController.h; sourceTree = "<group>"; };
		3468EA50195053D300149B4E /* CoChatViewController.m */ = {isa = PBXFileReference; fileEncoding = 4; lastKnownFileType = sourcecode.c.objc; path = CoChatViewController.m; sourceTree = "<group>"; };
		3468EA51195053D300149B4E /* CoChatViewController.xib */ = {isa = PBXFileReference; fileEncoding = 4; lastKnownFileType = file.xib; path = CoChatViewController.xib; sourceTree = "<group>"; };
		3468EA54195053FF00149B4E /* CoContactsViewController.h */ = {isa = PBXFileReference; fileEncoding = 4; lastKnownFileType = sourcecode.c.h; path = CoContactsViewController.h; sourceTree = "<group>"; };
		3468EA55195053FF00149B4E /* CoContactsViewController.m */ = {isa = PBXFileReference; fileEncoding = 4; lastKnownFileType = sourcecode.c.objc; path = CoContactsViewController.m; sourceTree = "<group>"; };
		3468EA56195053FF00149B4E /* CoContactsViewController.xib */ = {isa = PBXFileReference; fileEncoding = 4; lastKnownFileType = file.xib; path = CoContactsViewController.xib; sourceTree = "<group>"; };
		3468EA59195054BA00149B4E /* CoDiscoverViewController.h */ = {isa = PBXFileReference; fileEncoding = 4; lastKnownFileType = sourcecode.c.h; path = CoDiscoverViewController.h; sourceTree = "<group>"; };
		3468EA5A195054BA00149B4E /* CoDiscoverViewController.m */ = {isa = PBXFileReference; fileEncoding = 4; lastKnownFileType = sourcecode.c.objc; path = CoDiscoverViewController.m; sourceTree = "<group>"; };
		3468EA5B195054BA00149B4E /* CoDiscoverViewController.xib */ = {isa = PBXFileReference; fileEncoding = 4; lastKnownFileType = file.xib; path = CoDiscoverViewController.xib; sourceTree = "<group>"; };
		3468EA5E195054CC00149B4E /* CoMeViewController.h */ = {isa = PBXFileReference; fileEncoding = 4; lastKnownFileType = sourcecode.c.h; path = CoMeViewController.h; sourceTree = "<group>"; };
		3468EA5F195054CC00149B4E /* CoMeViewController.m */ = {isa = PBXFileReference; fileEncoding = 4; lastKnownFileType = sourcecode.c.objc; path = CoMeViewController.m; sourceTree = "<group>"; };
		3468EA60195054CC00149B4E /* CoMeViewController.xib */ = {isa = PBXFileReference; fileEncoding = 4; lastKnownFileType = file.xib; path = CoMeViewController.xib; sourceTree = "<group>"; };
		34A37AC119507C56003D9670 /* MKNumberBadgeView.h */ = {isa = PBXFileReference; fileEncoding = 4; lastKnownFileType = sourcecode.c.h; path = MKNumberBadgeView.h; sourceTree = "<group>"; };
		34A37AC219507C56003D9670 /* MKNumberBadgeView.m */ = {isa = PBXFileReference; fileEncoding = 4; lastKnownFileType = sourcecode.c.objc; path = MKNumberBadgeView.m; sourceTree = "<group>"; };
/* End PBXFileReference section */

/* Begin PBXFrameworksBuildPhase section */
		3468EA0E195051D900149B4E /* Frameworks */ = {
			isa = PBXFrameworksBuildPhase;
			buildActionMask = 2147483647;
			files = (
				3468EA17195051D900149B4E /* CoreGraphics.framework in Frameworks */,
				3468EA19195051D900149B4E /* UIKit.framework in Frameworks */,
				3468EA15195051D900149B4E /* Foundation.framework in Frameworks */,
			);
			runOnlyForDeploymentPostprocessing = 0;
		};
		3468EA29195051DA00149B4E /* Frameworks */ = {
			isa = PBXFrameworksBuildPhase;
			buildActionMask = 2147483647;
			files = (
				3468EA2E195051DA00149B4E /* XCTest.framework in Frameworks */,
				3468EA30195051DA00149B4E /* UIKit.framework in Frameworks */,
				3468EA2F195051DA00149B4E /* Foundation.framework in Frameworks */,
			);
			runOnlyForDeploymentPostprocessing = 0;
		};
/* End PBXFrameworksBuildPhase section */

/* Begin PBXGroup section */
		3468EA08195051D900149B4E = {
			isa = PBXGroup;
			children = (
				3468EA1A195051D900149B4E /* cochat */,
				3468EA33195051DA00149B4E /* cochatTests */,
				3468EA13195051D900149B4E /* Frameworks */,
				3468EA12195051D900149B4E /* Products */,
			);
			sourceTree = "<group>";
		};
		3468EA12195051D900149B4E /* Products */ = {
			isa = PBXGroup;
			children = (
				3468EA11195051D900149B4E /* cochat.app */,
				3468EA2C195051DA00149B4E /* cochatTests.xctest */,
			);
			name = Products;
			sourceTree = "<group>";
		};
		3468EA13195051D900149B4E /* Frameworks */ = {
			isa = PBXGroup;
			children = (
				3468EA14195051D900149B4E /* Foundation.framework */,
				3468EA16195051D900149B4E /* CoreGraphics.framework */,
				3468EA18195051D900149B4E /* UIKit.framework */,
				3468EA2D195051DA00149B4E /* XCTest.framework */,
			);
			name = Frameworks;
			sourceTree = "<group>";
		};
		3468EA1A195051D900149B4E /* cochat */ = {
			isa = PBXGroup;
			children = (
				3468EA451950525300149B4E /* vendor */,
				3468EA441950524D00149B4E /* model */,
				3468EA431950523400149B4E /* controller */,
				3468EA23195051D900149B4E /* CoAppDelegate.h */,
				3468EA24195051D900149B4E /* CoAppDelegate.m */,
				3468EA26195051D900149B4E /* Images.xcassets */,
				3468EA1B195051D900149B4E /* Supporting Files */,
			);
			path = cochat;
			sourceTree = "<group>";
		};
		3468EA1B195051D900149B4E /* Supporting Files */ = {
			isa = PBXGroup;
			children = (
				3468EA1C195051D900149B4E /* cochat-Info.plist */,
				3468EA1D195051D900149B4E /* InfoPlist.strings */,
				3468EA20195051D900149B4E /* main.m */,
				3468EA22195051D900149B4E /* cochat-Prefix.pch */,
			);
			name = "Supporting Files";
			sourceTree = "<group>";
		};
		3468EA33195051DA00149B4E /* cochatTests */ = {
			isa = PBXGroup;
			children = (
				3468EA39195051DA00149B4E /* cochatTests.m */,
				3468EA34195051DA00149B4E /* Supporting Files */,
			);
			path = cochatTests;
			sourceTree = "<group>";
		};
		3468EA34195051DA00149B4E /* Supporting Files */ = {
			isa = PBXGroup;
			children = (
				3468EA35195051DA00149B4E /* cochatTests-Info.plist */,
				3468EA36195051DA00149B4E /* InfoPlist.strings */,
			);
			name = "Supporting Files";
			sourceTree = "<group>";
		};
		3468EA431950523400149B4E /* controller */ = {
			isa = PBXGroup;
			children = (
				3468EA461950534600149B4E /* CoNavigationController.h */,
				3468EA471950534600149B4E /* CoNavigationController.m */,
				3468EA491950537300149B4E /* CoTabBarController.h */,
				3468EA4A1950537300149B4E /* CoTabBarController.m */,
				3468EA4C1950538C00149B4E /* BaseViewController.h */,
				3468EA4D1950538C00149B4E /* BaseViewController.m */,
				3468EA4F195053D300149B4E /* CoChatViewController.h */,
				3468EA50195053D300149B4E /* CoChatViewController.m */,
				3468EA51195053D300149B4E /* CoChatViewController.xib */,
				3468EA54195053FF00149B4E /* CoContactsViewController.h */,
				3468EA55195053FF00149B4E /* CoContactsViewController.m */,
				3468EA56195053FF00149B4E /* CoContactsViewController.xib */,
				3468EA59195054BA00149B4E /* CoDiscoverViewController.h */,
				3468EA5A195054BA00149B4E /* CoDiscoverViewController.m */,
				3468EA5B195054BA00149B4E /* CoDiscoverViewController.xib */,
				3468EA5E195054CC00149B4E /* CoMeViewController.h */,
				3468EA5F195054CC00149B4E /* CoMeViewController.m */,
				3468EA60195054CC00149B4E /* CoMeViewController.xib */,
				342F692D19527012006EAC2E /* TestViewController.h */,
				342F692E19527012006EAC2E /* TestViewController.m */,
				342F692F19527012006EAC2E /* TestViewController.xib */,
			);
			name = controller;
			sourceTree = "<group>";
		};
		3468EA441950524D00149B4E /* model */ = {
			isa = PBXGroup;
			children = (
			);
			name = model;
			sourceTree = "<group>";
		};
		3468EA451950525300149B4E /* vendor */ = {
			isa = PBXGroup;
			children = (
				34A37AC119507C56003D9670 /* MKNumberBadgeView.h */,
				34A37AC219507C56003D9670 /* MKNumberBadgeView.m */,
			);
			name = vendor;
			sourceTree = "<group>";
		};
/* End PBXGroup section */

/* Begin PBXNativeTarget section */
		3468EA10195051D900149B4E /* cochat */ = {
			isa = PBXNativeTarget;
			buildConfigurationList = 3468EA3D195051DA00149B4E /* Build configuration list for PBXNativeTarget "cochat" */;
			buildPhases = (
				3468EA0D195051D900149B4E /* Sources */,
				3468EA0E195051D900149B4E /* Frameworks */,
				3468EA0F195051D900149B4E /* Resources */,
			);
			buildRules = (
			);
			dependencies = (
			);
			name = cochat;
			productName = cochat;
			productReference = 3468EA11195051D900149B4E /* cochat.app */;
			productType = "com.apple.product-type.application";
		};
		3468EA2B195051DA00149B4E /* cochatTests */ = {
			isa = PBXNativeTarget;
			buildConfigurationList = 3468EA40195051DA00149B4E /* Build configuration list for PBXNativeTarget "cochatTests" */;
			buildPhases = (
				3468EA28195051DA00149B4E /* Sources */,
				3468EA29195051DA00149B4E /* Frameworks */,
				3468EA2A195051DA00149B4E /* Resources */,
			);
			buildRules = (
			);
			dependencies = (
				3468EA32195051DA00149B4E /* PBXTargetDependency */,
			);
			name = cochatTests;
			productName = cochatTests;
			productReference = 3468EA2C195051DA00149B4E /* cochatTests.xctest */;
			productType = "com.apple.product-type.bundle.unit-test";
		};
/* End PBXNativeTarget section */

/* Begin PBXProject section */
		3468EA09195051D900149B4E /* Project object */ = {
			isa = PBXProject;
			attributes = {
				CLASSPREFIX = Co;
				LastUpgradeCheck = 0510;
				ORGANIZATIONNAME = "Ruaho Technology";
				TargetAttributes = {
					3468EA2B195051DA00149B4E = {
						TestTargetID = 3468EA10195051D900149B4E;
					};
				};
			};
			buildConfigurationList = 3468EA0C195051D900149B4E /* Build configuration list for PBXProject "cochat" */;
			compatibilityVersion = "Xcode 3.2";
			developmentRegion = English;
			hasScannedForEncodings = 0;
			knownRegions = (
				en,
			);
			mainGroup = 3468EA08195051D900149B4E;
			productRefGroup = 3468EA12195051D900149B4E /* Products */;
			projectDirPath = "";
			projectRoot = "";
			targets = (
				3468EA10195051D900149B4E /* cochat */,
				3468EA2B195051DA00149B4E /* cochatTests */,
			);
		};
/* End PBXProject section */

/* Begin PBXResourcesBuildPhase section */
		3468EA0F195051D900149B4E /* Resources */ = {
			isa = PBXResourcesBuildPhase;
			buildActionMask = 2147483647;
			files = (
				3468EA1F195051D900149B4E /* InfoPlist.strings in Resources */,
				3468EA5D195054BA00149B4E /* CoDiscoverViewController.xib in Resources */,
				3468EA58195053FF00149B4E /* CoContactsViewController.xib in Resources */,
				3468EA53195053D300149B4E /* CoChatViewController.xib in Resources */,
				3468EA62195054CC00149B4E /* CoMeViewController.xib in Resources */,
				342F693119527012006EAC2E /* TestViewController.xib in Resources */,
				3468EA27195051D900149B4E /* Images.xcassets in Resources */,
			);
			runOnlyForDeploymentPostprocessing = 0;
		};
		3468EA2A195051DA00149B4E /* Resources */ = {
			isa = PBXResourcesBuildPhase;
			buildActionMask = 2147483647;
			files = (
				3468EA38195051DA00149B4E /* InfoPlist.strings in Resources */,
			);
			runOnlyForDeploymentPostprocessing = 0;
		};
/* End PBXResourcesBuildPhase section */

/* Begin PBXSourcesBuildPhase section */
		3468EA0D195051D900149B4E /* Sources */ = {
			isa = PBXSourcesBuildPhase;
			buildActionMask = 2147483647;
			files = (
				3468EA61195054CC00149B4E /* CoMeViewController.m in Sources */,
				3468EA25195051D900149B4E /* CoAppDelegate.m in Sources */,
				3468EA4E1950538C00149B4E /* BaseViewController.m in Sources */,
				34A37AC319507C56003D9670 /* MKNumberBadgeView.m in Sources */,
				3468EA52195053D300149B4E /* CoChatViewController.m in Sources */,
				3468EA5C195054BA00149B4E /* CoDiscoverViewController.m in Sources */,
				3468EA4B1950537300149B4E /* CoTabBarController.m in Sources */,
				342F693019527012006EAC2E /* TestViewController.m in Sources */,
				3468EA21195051D900149B4E /* main.m in Sources */,
				3468EA57195053FF00149B4E /* CoContactsViewController.m in Sources */,
				3468EA481950534600149B4E /* CoNavigationController.m in Sources */,
			);
			runOnlyForDeploymentPostprocessing = 0;
		};
		3468EA28195051DA00149B4E /* Sources */ = {
			isa = PBXSourcesBuildPhase;
			buildActionMask = 2147483647;
			files = (
				3468EA3A195051DA00149B4E /* cochatTests.m in Sources */,
			);
			runOnlyForDeploymentPostprocessing = 0;
		};
/* End PBXSourcesBuildPhase section */

/* Begin PBXTargetDependency section */
		3468EA32195051DA00149B4E /* PBXTargetDependency */ = {
			isa = PBXTargetDependency;
			target = 3468EA10195051D900149B4E /* cochat */;
			targetProxy = 3468EA31195051DA00149B4E /* PBXContainerItemProxy */;
		};
/* End PBXTargetDependency section */

/* Begin PBXVariantGroup section */
		3468EA1D195051D900149B4E /* InfoPlist.strings */ = {
			isa = PBXVariantGroup;
			children = (
				3468EA1E195051D900149B4E /* en */,
			);
			name = InfoPlist.strings;
			sourceTree = "<group>";
		};
		3468EA36195051DA00149B4E /* InfoPlist.strings */ = {
			isa = PBXVariantGroup;
			children = (
				3468EA37195051DA00149B4E /* en */,
			);
			name = InfoPlist.strings;
			sourceTree = "<group>";
		};
/* End PBXVariantGroup section */

/* Begin XCBuildConfiguration section */
		3468EA3B195051DA00149B4E /* Debug */ = {
			isa = XCBuildConfiguration;
			buildSettings = {
				ALWAYS_SEARCH_USER_PATHS = NO;
				CLANG_CXX_LANGUAGE_STANDARD = "gnu++0x";
				CLANG_CXX_LIBRARY = "libc++";
				CLANG_ENABLE_MODULES = YES;
				CLANG_ENABLE_OBJC_ARC = YES;
				CLANG_WARN_BOOL_CONVERSION = YES;
				CLANG_WARN_CONSTANT_CONVERSION = YES;
				CLANG_WARN_DIRECT_OBJC_ISA_USAGE = YES_ERROR;
				CLANG_WARN_EMPTY_BODY = YES;
				CLANG_WARN_ENUM_CONVERSION = YES;
				CLANG_WARN_INT_CONVERSION = YES;
				CLANG_WARN_OBJC_ROOT_CLASS = YES_ERROR;
				CLANG_WARN__DUPLICATE_METHOD_MATCH = YES;
				"CODE_SIGN_IDENTITY[sdk=iphoneos*]" = "iPhone Developer";
				COPY_PHASE_STRIP = NO;
				GCC_C_LANGUAGE_STANDARD = gnu99;
				GCC_DYNAMIC_NO_PIC = NO;
				GCC_OPTIMIZATION_LEVEL = 0;
				GCC_PREPROCESSOR_DEFINITIONS = (
					"DEBUG=1",
					"$(inherited)",
				);
				GCC_SYMBOLS_PRIVATE_EXTERN = NO;
				GCC_WARN_64_TO_32_BIT_CONVERSION = YES;
				GCC_WARN_ABOUT_RETURN_TYPE = YES_ERROR;
				GCC_WARN_UNDECLARED_SELECTOR = YES;
				GCC_WARN_UNINITIALIZED_AUTOS = YES_AGGRESSIVE;
				GCC_WARN_UNUSED_FUNCTION = YES;
				GCC_WARN_UNUSED_VARIABLE = YES;
				IPHONEOS_DEPLOYMENT_TARGET = 7.1;
				ONLY_ACTIVE_ARCH = YES;
				SDKROOT = iphoneos;
			};
			name = Debug;
		};
		3468EA3C195051DA00149B4E /* Release */ = {
			isa = XCBuildConfiguration;
			buildSettings = {
				ALWAYS_SEARCH_USER_PATHS = NO;
				CLANG_CXX_LANGUAGE_STANDARD = "gnu++0x";
				CLANG_CXX_LIBRARY = "libc++";
				CLANG_ENABLE_MODULES = YES;
				CLANG_ENABLE_OBJC_ARC = YES;
				CLANG_WARN_BOOL_CONVERSION = YES;
				CLANG_WARN_CONSTANT_CONVERSION = YES;
				CLANG_WARN_DIRECT_OBJC_ISA_USAGE = YES_ERROR;
				CLANG_WARN_EMPTY_BODY = YES;
				CLANG_WARN_ENUM_CONVERSION = YES;
				CLANG_WARN_INT_CONVERSION = YES;
				CLANG_WARN_OBJC_ROOT_CLASS = YES_ERROR;
				CLANG_WARN__DUPLICATE_METHOD_MATCH = YES;
				"CODE_SIGN_IDENTITY[sdk=iphoneos*]" = "iPhone Developer";
				COPY_PHASE_STRIP = YES;
				ENABLE_NS_ASSERTIONS = NO;
				GCC_C_LANGUAGE_STANDARD = gnu99;
				GCC_WARN_64_TO_32_BIT_CONVERSION = YES;
				GCC_WARN_ABOUT_RETURN_TYPE = YES_ERROR;
				GCC_WARN_UNDECLARED_SELECTOR = YES;
				GCC_WARN_UNINITIALIZED_AUTOS = YES_AGGRESSIVE;
				GCC_WARN_UNUSED_FUNCTION = YES;
				GCC_WARN_UNUSED_VARIABLE = YES;
				IPHONEOS_DEPLOYMENT_TARGET = 7.1;
				SDKROOT = iphoneos;
				VALIDATE_PRODUCT = YES;
			};
			name = Release;
		};
		3468EA3E195051DA00149B4E /* Debug */ = {
			isa = XCBuildConfiguration;
			buildSettings = {
				ASSETCATALOG_COMPILER_APPICON_NAME = AppIcon;
				ASSETCATALOG_COMPILER_LAUNCHIMAGE_NAME = LaunchImage;
				GCC_PRECOMPILE_PREFIX_HEADER = YES;
				GCC_PREFIX_HEADER = "cochat/cochat-Prefix.pch";
				INFOPLIST_FILE = "cochat/cochat-Info.plist";
				PRODUCT_NAME = "$(TARGET_NAME)";
				WRAPPER_EXTENSION = app;
			};
			name = Debug;
		};
		3468EA3F195051DA00149B4E /* Release */ = {
			isa = XCBuildConfiguration;
			buildSettings = {
				ASSETCATALOG_COMPILER_APPICON_NAME = AppIcon;
				ASSETCATALOG_COMPILER_LAUNCHIMAGE_NAME = LaunchImage;
				GCC_PRECOMPILE_PREFIX_HEADER = YES;
				GCC_PREFIX_HEADER = "cochat/cochat-Prefix.pch";
				INFOPLIST_FILE = "cochat/cochat-Info.plist";
				PRODUCT_NAME = "$(TARGET_NAME)";
				WRAPPER_EXTENSION = app;
			};
			name = Release;
		};
		3468EA41195051DA00149B4E /* Debug */ = {
			isa = XCBuildConfiguration;
			buildSettings = {
				BUNDLE_LOADER = "$(BUILT_PRODUCTS_DIR)/cochat.app/cochat";
				FRAMEWORK_SEARCH_PATHS = (
					"$(SDKROOT)/Developer/Library/Frameworks",
					"$(inherited)",
					"$(DEVELOPER_FRAMEWORKS_DIR)",
				);
				GCC_PRECOMPILE_PREFIX_HEADER = YES;
				GCC_PREFIX_HEADER = "cochat/cochat-Prefix.pch";
				GCC_PREPROCESSOR_DEFINITIONS = (
					"DEBUG=1",
					"$(inherited)",
				);
				INFOPLIST_FILE = "cochatTests/cochatTests-Info.plist";
				PRODUCT_NAME = "$(TARGET_NAME)";
				TEST_HOST = "$(BUNDLE_LOADER)";
				WRAPPER_EXTENSION = xctest;
			};
			name = Debug;
		};
		3468EA42195051DA00149B4E /* Release */ = {
			isa = XCBuildConfiguration;
			buildSettings = {
				BUNDLE_LOADER = "$(BUILT_PRODUCTS_DIR)/cochat.app/cochat";
				FRAMEWORK_SEARCH_PATHS = (
					"$(SDKROOT)/Developer/Library/Frameworks",
					"$(inherited)",
					"$(DEVELOPER_FRAMEWORKS_DIR)",
				);
				GCC_PRECOMPILE_PREFIX_HEADER = YES;
				GCC_PREFIX_HEADER = "cochat/cochat-Prefix.pch";
				INFOPLIST_FILE = "cochatTests/cochatTests-Info.plist";
				PRODUCT_NAME = "$(TARGET_NAME)";
				TEST_HOST = "$(BUNDLE_LOADER)";
				WRAPPER_EXTENSION = xctest;
			};
			name = Release;
		};
/* End XCBuildConfiguration section */

/* Begin XCConfigurationList section */
		3468EA0C195051D900149B4E /* Build configuration list for PBXProject "cochat" */ = {
			isa = XCConfigurationList;
			buildConfigurations = (
				3468EA3B195051DA00149B4E /* Debug */,
				3468EA3C195051DA00149B4E /* Release */,
			);
			defaultConfigurationIsVisible = 0;
			defaultConfigurationName = Release;
		};
		3468EA3D195051DA00149B4E /* Build configuration list for PBXNativeTarget "cochat" */ = {
			isa = XCConfigurationList;
			buildConfigurations = (
				3468EA3E195051DA00149B4E /* Debug */,
				3468EA3F195051DA00149B4E /* Release */,
			);
			defaultConfigurationIsVisible = 0;
			defaultConfigurationName = Release;
		};
		3468EA40195051DA00149B4E /* Build configuration list for PBXNativeTarget "cochatTests" */ = {
			isa = XCConfigurationList;
			buildConfigurations = (
				3468EA41195051DA00149B4E /* Debug */,
				3468EA42195051DA00149B4E /* Release */,
			);
			defaultConfigurationIsVisible = 0;
			defaultConfigurationName = Release;
		};
/* End XCConfigurationList section */
	};
	rootObject = 3468EA09195051D900149B4E /* Project object */;
}
